{
  "version": 4,
  "terraform_version": "1.11.4",
  "serial": 19,
  "lineage": "f50bee02-404a-71eb-655b-0eb2a39252b7",
  "outputs": {},
  "resources": [
    {
      "mode": "managed",
      "type": "local_file",
      "name": "tf_example1",
      "provider": "provider[\"registry.terraform.io/hashicorp/local\"]",
      "instances": [
        {
          "schema_version": 0,
          "attributes": {
            "content": "changed it",
            "content_base64": null,
            "content_base64sha256": "aHPdValXLX+lblnf1yTFFPhvf0HIUJC0WFX77OlKq5Q=",
            "content_base64sha512": "U+e55ptaeCKjloYWP1Fihtl4p6ZyrsuuC5DtttkgjiYpQ1xDpz57zai6+vC8/mlTlILrKMtyoHSnHy0hAREugQ==",
            "content_md5": "1aa281c863711de634002aca0191798f",
            "content_sha1": "1eeb413b4c903b67695675f64807d075bdc721c4",
            "content_sha256": "6873dd55a9572d7fa56e59dfd724c514f86f7f41c85090b45855fbece94aab94",
            "content_sha512": "53e7b9e69b5a7822a39686163f516286d978a7a672aecbae0b90edb6d9208e2629435c43a73e7bcda8bafaf0bcfe69539482eb28cb72a074a71f2d2101112e81",
            "directory_permission": "0777",
            "file_permission": "0777",
            "filename": "./tf_example-1.txt",
            "id": "1eeb413b4c903b67695675f64807d075bdc721c4",
            "sensitive_content": null,
            "source": null
          },
          "sensitive_attributes": [
            [
              {
                "type": "get_attr",
                "value": "sensitive_content"
              }
            ]
          ]
        }
      ]
    },
    {
      "mode": "managed",
      "type": "local_file",
      "name": "tf_example2",
      "provider": "provider[\"registry.terraform.io/hashicorp/local\"]",
      "instances": [
        {
          "schema_version": 0,
          "attributes": {
            "content": "changed it to something",
            "content_base64": null,
            "content_base64sha256": "EJr8txzBQH2C3O8HYqDpF5XEbaSobSu0O74p9a85tjo=",
            "content_base64sha512": "IC5tUA95oj7mbUloW9z2g0velSdYQKDil3LXWGxmG+5T7iqRx3D+TFE5hnfuYC26D9AfwP5i4PTOG4bBtTRCxw==",
            "content_md5": "ad0fc8d5541b4082d325994041abc54f",
            "content_sha1": "72babc130219d699436ad537d149cc7580cf77ff",
            "content_sha256": "109afcb71cc1407d82dcef0762a0e91795c46da4a86d2bb43bbe29f5af39b63a",
            "content_sha512": "202e6d500f79a23ee66d49685bdcf6834bde95275840a0e29772d7586c661bee53ee2a91c770fe4c51398677ee602dba0fd01fc0fe62e0f4ce1b86c1b53442c7",
            "directory_permission": "0777",
            "file_permission": "0777",
            "filename": "./tf_example-2.txt",
            "id": "72babc130219d699436ad537d149cc7580cf77ff",
            "sensitive_content": null,
            "source": null
          },
          "sensitive_attributes": [
            [
              {
                "type": "get_attr",
                "value": "sensitive_content"
              }
            ]
          ]
        }
      ]
    },
    {
      "mode": "managed",
      "type": "local_sensitive_file",
      "name": "tf_example_1",
      "provider": "provider[\"registry.terraform.io/hashicorp/local\"]",
      "instances": [
        {
          "schema_version": 0,
          "attributes": {
            "content": "apply it",
            "content_base64": null,
            "content_base64sha256": "wiE/d+VGgQccMeCG5oD/IesE6QOOjeLDQWGiO22zTH4=",
            "content_base64sha512": "OJQCHHQARk29u0HkgFI3IdoLYd+H0PNNbBXc187Kbw22NDlCkP50hiL8OagXENBWF+V7d9a3WwqXuy++uRyJ/A==",
            "content_md5": "57952b0c8eaf7e91c07d380fd0627b22",
            "content_sha1": "994649cab65292f3165bccd5aced4ce0b83a0bd7",
            "content_sha256": "c2213f77e54681071c31e086e680ff21eb04e9038e8de2c34161a23b6db34c7e",
            "content_sha512": "3894021c7400464dbdbb41e480523721da0b61df87d0f34d6c15dcd7ceca6f0db634394290fe748622fc39a81710d05617e57b77d6b75b0a97bb2fbeb91c89fc",
            "directory_permission": "0700",
            "file_permission": "0700",
            "filename": "./example-3.txt",
            "id": "994649cab65292f3165bccd5aced4ce0b83a0bd7",
            "source": null
          },
          "sensitive_attributes": [
            [
              {
                "type": "get_attr",
                "value": "content_base64"
              }
            ],
            [
              {
                "type": "get_attr",
                "value": "content"
              }
            ]
          ]
        }
      ]
    }
  ],
  "check_results": null
}
